
Microsoft Visual Studio Solution File, Format Version 12.00
# Visual Studio Version 17
VisualStudioVersion = 17.7.34221.43
MinimumVisualStudioVersion = 10.0.40219.1
Project("{8BC9CEB8-8B4A-11D0-8D11-00A0C91BC942}") = "MT5_C_DLL", "MT5_C\MT5_C.vcxproj", "{B4CCBACD-D7B7-4725-B7FB-91BE67074D43}"
EndProject
Project("{8BC9CEB8-8B4A-11D0-8D11-00A0C91BC942}") = "C Test Program", "C Test Program\C Test Program.vcxproj", "{13AB8AD7-144A-4479-BD07-A7CC59C861C6}"
	ProjectSection(ProjectDependencies) = postProject
		{B4CCBACD-D7B7-4725-B7FB-91BE67074D43} = {B4CCBACD-D7B7-4725-B7FB-91BE67074D43}
	EndProjectSection
EndProject
Global
	GlobalSection(SolutionConfigurationPlatforms) = preSolution
		Debug|x64 = Debug|x64
		Debug|x86 = Debug|x86
		Release|x64 = Release|x64
		Release|x86 = Release|x86
	EndGlobalSection
	GlobalSection(ProjectConfigurationPlatforms) = postSolution
		{B4CCBACD-D7B7-4725-B7FB-91BE67074D43}.Debug|x64.ActiveCfg = Debug|x64
		{B4CCBACD-D7B7-4725-B7FB-91BE67074D43}.Debug|x64.Build.0 = Debug|x64
		{B4CCBACD-D7B7-4725-B7FB-91BE67074D43}.Debug|x86.ActiveCfg = Debug|Win32
		{B4CCBACD-D7B7-4725-B7FB-91BE67074D43}.Debug|x86.Build.0 = Debug|Win32
		{B4CCBACD-D7B7-4725-B7FB-91BE67074D43}.Release|x64.ActiveCfg = Release|x64
		{B4CCBACD-D7B7-4725-B7FB-91BE67074D43}.Release|x64.Build.0 = Release|x64
		{B4CCBACD-D7B7-4725-B7FB-91BE67074D43}.Release|x86.ActiveCfg = Release|Win32
		{B4CCBACD-D7B7-4725-B7FB-91BE67074D43}.Release|x86.Build.0 = Release|Win32
		{13AB8AD7-144A-4479-BD07-A7CC59C861C6}.Debug|x64.ActiveCfg = Debug|x64
		{13AB8AD7-144A-4479-BD07-A7CC59C861C6}.Debug|x64.Build.0 = Debug|x64
		{13AB8AD7-144A-4479-BD07-A7CC59C861C6}.Debug|x86.ActiveCfg = Debug|Win32
		{13AB8AD7-144A-4479-BD07-A7CC59C861C6}.Debug|x86.Build.0 = Debug|Win32
		{13AB8AD7-144A-4479-BD07-A7CC59C861C6}.Release|x64.ActiveCfg = Release|x64
		{13AB8AD7-144A-4479-BD07-A7CC59C861C6}.Release|x64.Build.0 = Release|x64
		{13AB8AD7-144A-4479-BD07-A7CC59C861C6}.Release|x86.ActiveCfg = Release|Win32
		{13AB8AD7-144A-4479-BD07-A7CC59C861C6}.Release|x86.Build.0 = Release|Win32
	EndGlobalSection
	GlobalSection(SolutionProperties) = preSolution
		HideSolutionNode = FALSE
	EndGlobalSection
	GlobalSection(ExtensibilityGlobals) = postSolution
		SolutionGuid = {84DACBF8-B8EC-4F7C-AC37-B39E7E075E56}
	EndGlobalSection
EndGlobal
